
Microsoft Visual Studio Solution File, Format Version 12.00
# Visual Studio Version 16
VisualStudioVersion = 16.0.29306.81
MinimumVisualStudioVersion = 10.0.40219.1
Project("{FAE04EC0-301F-11D3-BF4B-00C04F79EFBC}") = "retangulo", "retangulo\retangulo.csproj", "{C8C59707-6C5D-43FE-A7E1-207A943B53F5}"
EndProject
Global
	GlobalSection(SolutionConfigurationPlatforms) = preSolution
		Debug|Any CPU = Debug|Any CPU
		Release|Any CPU = Release|Any CPU
	EndGlobalSection
	GlobalSection(ProjectConfigurationPlatforms) = postSolution
		{C8C59707-6C5D-43FE-A7E1-207A943B53F5}.Debug|Any CPU.ActiveCfg = Debug|Any CPU
		{C8C59707-6C5D-43FE-A7E1-207A943B53F5}.Debug|Any CPU.Build.0 = Debug|Any CPU
		{C8C59707-6C5D-43FE-A7E1-207A943B53F5}.Release|Any CPU.ActiveCfg = Release|Any CPU
		{C8C59707-6C5D-43FE-A7E1-207A943B53F5}.Release|Any CPU.Build.0 = Release|Any CPU
	EndGlobalSection
	GlobalSection(SolutionProperties) = preSolution
		HideSolutionNode = FALSE
	EndGlobalSection
	GlobalSection(ExtensibilityGlobals) = postSolution
		SolutionGuid = {73FBFF4D-BB78-48F8-86C0-3DBEF1B5DA34}
	EndGlobalSection
EndGlobal
